
Microsoft Visual Studio Solution File, Format Version 12.00
# Visual Studio Version 17
VisualStudioVersion = 17.0.31903.59
MinimumVisualStudioVersion = 10.0.40219.1
Project("{2150E333-8FDC-42A3-9474-1A3956D46DE8}") = "src", "src", "{84AD662A-4B9E-4E64-834D-72529FB7FCE5}"
	ProjectSection(SolutionItems) = preProject
		src\Shared.Build.props = src\Shared.Build.props
	EndProjectSection
EndProject
Project("{2150E333-8FDC-42A3-9474-1A3956D46DE8}") = "tests", "tests", "{D59F1489-5D74-4F52-B78B-88037EAB2838}"
	ProjectSection(SolutionItems) = preProject
		tests\Shared.Build.props = tests\Shared.Build.props
	EndProjectSection
EndProject
Project("{9A19103F-16F7-4668-BE54-9A1E7A4F7556}") = "CommunityToolkit.Datasync.Server.Abstractions", "src\CommunityToolkit.Datasync.Server.Abstractions\CommunityToolkit.Datasync.Server.Abstractions.csproj", "{852F8266-603E-4FC6-A5CB-E492E747924F}"
EndProject
Project("{9A19103F-16F7-4668-BE54-9A1E7A4F7556}") = "CommunityToolkit.Datasync.Server.Automapper", "src\CommunityToolkit.Datasync.Server.Automapper\CommunityToolkit.Datasync.Server.Automapper.csproj", "{CAC05109-B682-4DA3-8EBF-ECD13E6B913E}"
EndProject
Project("{9A19103F-16F7-4668-BE54-9A1E7A4F7556}") = "CommunityToolkit.Datasync.Server.EntityFrameworkCore", "src\CommunityToolkit.Datasync.Server.EntityFrameworkCore\CommunityToolkit.Datasync.Server.EntityFrameworkCore.csproj", "{1C3C2B80-ECE3-4442-8183-C2AD7F735D8E}"
EndProject
Project("{9A19103F-16F7-4668-BE54-9A1E7A4F7556}") = "CommunityToolkit.Datasync.Server.InMemory", "src\CommunityToolkit.Datasync.Server.InMemory\CommunityToolkit.Datasync.Server.InMemory.csproj", "{343D137B-FE42-4D56-85E8-AAEA2486CBDB}"
EndProject
Project("{9A19103F-16F7-4668-BE54-9A1E7A4F7556}") = "CommunityToolkit.Datasync.Server.LiteDb", "src\CommunityToolkit.Datasync.Server.LiteDb\CommunityToolkit.Datasync.Server.LiteDb.csproj", "{66A40624-ADF3-4469-A1D5-E5BD854CFA94}"
EndProject
Project("{9A19103F-16F7-4668-BE54-9A1E7A4F7556}") = "CommunityToolkit.Datasync.Common.Test", "tests\CommunityToolkit.Datasync.Common.Test\CommunityToolkit.Datasync.Common.Test.csproj", "{89BB94FD-0B89-4AE9-B2CF-9FB891E0B641}"
EndProject
Project("{9A19103F-16F7-4668-BE54-9A1E7A4F7556}") = "CommunityToolkit.Datasync.Server.Automapper.Test", "tests\CommunityToolkit.Datasync.Server.Automapper.Test\CommunityToolkit.Datasync.Server.Automapper.Test.csproj", "{E322C30C-F40C-4594-86ED-DAA90E2F5611}"
EndProject
Project("{9A19103F-16F7-4668-BE54-9A1E7A4F7556}") = "CommunityToolkit.Datasync.Server.EntityFrameworkCore.Test", "tests\CommunityToolkit.Datasync.Server.EntityFrameworkCore.Test\CommunityToolkit.Datasync.Server.EntityFrameworkCore.Test.csproj", "{B616A68F-F8B6-49C3-AB14-4718F09F2082}"
EndProject
Project("{9A19103F-16F7-4668-BE54-9A1E7A4F7556}") = "CommunityToolkit.Datasync.Server.InMemory.Test", "tests\CommunityToolkit.Datasync.Server.InMemory.Test\CommunityToolkit.Datasync.Server.InMemory.Test.csproj", "{8255CE7F-B549-4477-A0AC-E66B3A9C12C4}"
EndProject
Project("{9A19103F-16F7-4668-BE54-9A1E7A4F7556}") = "CommunityToolkit.Datasync.Server.LiteDb.Test", "tests\CommunityToolkit.Datasync.Server.LiteDb.Test\CommunityToolkit.Datasync.Server.LiteDb.Test.csproj", "{860946FE-CAEC-4804-8A16-99E8D1CCAAFF}"
EndProject
Project("{FAE04EC0-301F-11D3-BF4B-00C04F79EFBC}") = "CommunityToolkit.Datasync.Server", "src\CommunityToolkit.Datasync.Server\CommunityToolkit.Datasync.Server.csproj", "{0187B46B-F03C-4C2A-8FAA-0DA9EA343CDF}"
EndProject
Global
	GlobalSection(SolutionConfigurationPlatforms) = preSolution
		Debug|Any CPU = Debug|Any CPU
		Release|Any CPU = Release|Any CPU
	EndGlobalSection
	GlobalSection(ProjectConfigurationPlatforms) = postSolution
		{852F8266-603E-4FC6-A5CB-E492E747924F}.Debug|Any CPU.ActiveCfg = Debug|Any CPU
		{852F8266-603E-4FC6-A5CB-E492E747924F}.Debug|Any CPU.Build.0 = Debug|Any CPU
		{852F8266-603E-4FC6-A5CB-E492E747924F}.Release|Any CPU.ActiveCfg = Release|Any CPU
		{852F8266-603E-4FC6-A5CB-E492E747924F}.Release|Any CPU.Build.0 = Release|Any CPU
		{CAC05109-B682-4DA3-8EBF-ECD13E6B913E}.Debug|Any CPU.ActiveCfg = Debug|Any CPU
		{CAC05109-B682-4DA3-8EBF-ECD13E6B913E}.Debug|Any CPU.Build.0 = Debug|Any CPU
		{CAC05109-B682-4DA3-8EBF-ECD13E6B913E}.Release|Any CPU.ActiveCfg = Release|Any CPU
		{CAC05109-B682-4DA3-8EBF-ECD13E6B913E}.Release|Any CPU.Build.0 = Release|Any CPU
		{1C3C2B80-ECE3-4442-8183-C2AD7F735D8E}.Debug|Any CPU.ActiveCfg = Debug|Any CPU
		{1C3C2B80-ECE3-4442-8183-C2AD7F735D8E}.Debug|Any CPU.Build.0 = Debug|Any CPU
		{1C3C2B80-ECE3-4442-8183-C2AD7F735D8E}.Release|Any CPU.ActiveCfg = Release|Any CPU
		{1C3C2B80-ECE3-4442-8183-C2AD7F735D8E}.Release|Any CPU.Build.0 = Release|Any CPU
		{343D137B-FE42-4D56-85E8-AAEA2486CBDB}.Debug|Any CPU.ActiveCfg = Debug|Any CPU
		{343D137B-FE42-4D56-85E8-AAEA2486CBDB}.Debug|Any CPU.Build.0 = Debug|Any CPU
		{343D137B-FE42-4D56-85E8-AAEA2486CBDB}.Release|Any CPU.ActiveCfg = Release|Any CPU
		{343D137B-FE42-4D56-85E8-AAEA2486CBDB}.Release|Any CPU.Build.0 = Release|Any CPU
		{66A40624-ADF3-4469-A1D5-E5BD854CFA94}.Debug|Any CPU.ActiveCfg = Debug|Any CPU
		{66A40624-ADF3-4469-A1D5-E5BD854CFA94}.Debug|Any CPU.Build.0 = Debug|Any CPU
		{66A40624-ADF3-4469-A1D5-E5BD854CFA94}.Release|Any CPU.ActiveCfg = Release|Any CPU
		{66A40624-ADF3-4469-A1D5-E5BD854CFA94}.Release|Any CPU.Build.0 = Release|Any CPU
		{89BB94FD-0B89-4AE9-B2CF-9FB891E0B641}.Debug|Any CPU.ActiveCfg = Debug|Any CPU
		{89BB94FD-0B89-4AE9-B2CF-9FB891E0B641}.Debug|Any CPU.Build.0 = Debug|Any CPU
		{89BB94FD-0B89-4AE9-B2CF-9FB891E0B641}.Release|Any CPU.ActiveCfg = Release|Any CPU
		{89BB94FD-0B89-4AE9-B2CF-9FB891E0B641}.Release|Any CPU.Build.0 = Release|Any CPU
		{E322C30C-F40C-4594-86ED-DAA90E2F5611}.Debug|Any CPU.ActiveCfg = Debug|Any CPU
		{E322C30C-F40C-4594-86ED-DAA90E2F5611}.Debug|Any CPU.Build.0 = Debug|Any CPU
		{E322C30C-F40C-4594-86ED-DAA90E2F5611}.Release|Any CPU.ActiveCfg = Release|Any CPU
		{E322C30C-F40C-4594-86ED-DAA90E2F5611}.Release|Any CPU.Build.0 = Release|Any CPU
		{B616A68F-F8B6-49C3-AB14-4718F09F2082}.Debug|Any CPU.ActiveCfg = Debug|Any CPU
		{B616A68F-F8B6-49C3-AB14-4718F09F2082}.Debug|Any CPU.Build.0 = Debug|Any CPU
		{B616A68F-F8B6-49C3-AB14-4718F09F2082}.Release|Any CPU.ActiveCfg = Release|Any CPU
		{B616A68F-F8B6-49C3-AB14-4718F09F2082}.Release|Any CPU.Build.0 = Release|Any CPU
		{8255CE7F-B549-4477-A0AC-E66B3A9C12C4}.Debug|Any CPU.ActiveCfg = Debug|Any CPU
		{8255CE7F-B549-4477-A0AC-E66B3A9C12C4}.Debug|Any CPU.Build.0 = Debug|Any CPU
		{8255CE7F-B549-4477-A0AC-E66B3A9C12C4}.Release|Any CPU.ActiveCfg = Release|Any CPU
		{8255CE7F-B549-4477-A0AC-E66B3A9C12C4}.Release|Any CPU.Build.0 = Release|Any CPU
		{860946FE-CAEC-4804-8A16-99E8D1CCAAFF}.Debug|Any CPU.ActiveCfg = Debug|Any CPU
		{860946FE-CAEC-4804-8A16-99E8D1CCAAFF}.Debug|Any CPU.Build.0 = Debug|Any CPU
		{860946FE-CAEC-4804-8A16-99E8D1CCAAFF}.Release|Any CPU.ActiveCfg = Release|Any CPU
		{860946FE-CAEC-4804-8A16-99E8D1CCAAFF}.Release|Any CPU.Build.0 = Release|Any CPU
		{0187B46B-F03C-4C2A-8FAA-0DA9EA343CDF}.Debug|Any CPU.ActiveCfg = Debug|Any CPU
		{0187B46B-F03C-4C2A-8FAA-0DA9EA343CDF}.Debug|Any CPU.Build.0 = Debug|Any CPU
		{0187B46B-F03C-4C2A-8FAA-0DA9EA343CDF}.Release|Any CPU.ActiveCfg = Release|Any CPU
		{0187B46B-F03C-4C2A-8FAA-0DA9EA343CDF}.Release|Any CPU.Build.0 = Release|Any CPU
	EndGlobalSection
	GlobalSection(SolutionProperties) = preSolution
		HideSolutionNode = FALSE
	EndGlobalSection
	GlobalSection(NestedProjects) = preSolution
		{852F8266-603E-4FC6-A5CB-E492E747924F} = {84AD662A-4B9E-4E64-834D-72529FB7FCE5}
		{CAC05109-B682-4DA3-8EBF-ECD13E6B913E} = {84AD662A-4B9E-4E64-834D-72529FB7FCE5}
		{1C3C2B80-ECE3-4442-8183-C2AD7F735D8E} = {84AD662A-4B9E-4E64-834D-72529FB7FCE5}
		{343D137B-FE42-4D56-85E8-AAEA2486CBDB} = {84AD662A-4B9E-4E64-834D-72529FB7FCE5}
		{66A40624-ADF3-4469-A1D5-E5BD854CFA94} = {84AD662A-4B9E-4E64-834D-72529FB7FCE5}
		{89BB94FD-0B89-4AE9-B2CF-9FB891E0B641} = {D59F1489-5D74-4F52-B78B-88037EAB2838}
		{E322C30C-F40C-4594-86ED-DAA90E2F5611} = {D59F1489-5D74-4F52-B78B-88037EAB2838}
		{B616A68F-F8B6-49C3-AB14-4718F09F2082} = {D59F1489-5D74-4F52-B78B-88037EAB2838}
		{8255CE7F-B549-4477-A0AC-E66B3A9C12C4} = {D59F1489-5D74-4F52-B78B-88037EAB2838}
		{860946FE-CAEC-4804-8A16-99E8D1CCAAFF} = {D59F1489-5D74-4F52-B78B-88037EAB2838}
		{0187B46B-F03C-4C2A-8FAA-0DA9EA343CDF} = {84AD662A-4B9E-4E64-834D-72529FB7FCE5}
	EndGlobalSection
	GlobalSection(ExtensibilityGlobals) = postSolution
		SolutionGuid = {78A935E9-8F14-448A-BEDF-360FB742F14E}
	EndGlobalSection
EndGlobal
