
Microsoft Visual Studio Solution File, Format Version 12.00
# Visual Studio Version 17
VisualStudioVersion = 17.0.31903.59
MinimumVisualStudioVersion = 10.0.40219.1
Project("{FAE04EC0-301F-11D3-BF4B-00C04F79EFBC}") = "ClientApp", "ClientApp\ClientApp.csproj", "{08B2974D-885F-4541-8C3D-564477D0DCB0}"
EndProject
Project("{FAE04EC0-301F-11D3-BF4B-00C04F79EFBC}") = "ServerApp", "ServerApp\ServerApp.csproj", "{1DBA7978-13B5-431F-9472-26F3815F0129}"
EndProject
Global
	GlobalSection(SolutionConfigurationPlatforms) = preSolution
		Debug|Any CPU = Debug|Any CPU
		Release|Any CPU = Release|Any CPU
	EndGlobalSection
	GlobalSection(ProjectConfigurationPlatforms) = postSolution
		{08B2974D-885F-4541-8C3D-564477D0DCB0}.Debug|Any CPU.ActiveCfg = Debug|Any CPU
		{08B2974D-885F-4541-8C3D-564477D0DCB0}.Debug|Any CPU.Build.0 = Debug|Any CPU
		{08B2974D-885F-4541-8C3D-564477D0DCB0}.Release|Any CPU.ActiveCfg = Release|Any CPU
		{08B2974D-885F-4541-8C3D-564477D0DCB0}.Release|Any CPU.Build.0 = Release|Any CPU
		{1DBA7978-13B5-431F-9472-26F3815F0129}.Debug|Any CPU.ActiveCfg = Debug|Any CPU
		{1DBA7978-13B5-431F-9472-26F3815F0129}.Debug|Any CPU.Build.0 = Debug|Any CPU
		{1DBA7978-13B5-431F-9472-26F3815F0129}.Release|Any CPU.ActiveCfg = Release|Any CPU
		{1DBA7978-13B5-431F-9472-26F3815F0129}.Release|Any CPU.Build.0 = Release|Any CPU
	EndGlobalSection
	GlobalSection(SolutionProperties) = preSolution
		HideSolutionNode = FALSE
	EndGlobalSection
EndGlobal