
Microsoft Visual Studio Solution File, Format Version 12.00
# Visual Studio Version 17
VisualStudioVersion = 17.10.35201.131
MinimumVisualStudioVersion = 10.0.40219.1
Project("{FAE04EC0-301F-11D3-BF4B-00C04F79EFBC}") = "TodoApp.Uno", "TodoApp.Uno\TodoApp.Uno.csproj", "{97D5CDB7-5407-42DD-81F8-B4342580A4F8}"
EndProject
Project("{2150E333-8FDC-42A3-9474-1A3956D46DE8}") = "Solution Items", "Solution Items", "{AE9BD15C-6244-4A03-8F8D-9E183D561B59}"
	ProjectSection(SolutionItems) = preProject
		.gitignore = .gitignore
		Directory.Build.props = Directory.Build.props
		Directory.Build.targets = Directory.Build.targets
		Directory.Packages.props = Directory.Packages.props
		global.json = global.json
	EndProjectSection
EndProject
Project("{2150E333-8FDC-42A3-9474-1A3956D46DE8}") = "library", "library", "{256C03E0-D2B9-445A-B62B-64E567FAE4D4}"
EndProject
Project("{9A19103F-16F7-4668-BE54-9A1E7A4F7556}") = "CommunityToolkit.Datasync.Client", "..\..\..\src\CommunityToolkit.Datasync.Client\CommunityToolkit.Datasync.Client.csproj", "{7BC24609-BE37-41A4-A984-BBE48089CA7B}"
EndProject
Global
	GlobalSection(SolutionConfigurationPlatforms) = preSolution
		Debug|Any CPU = Debug|Any CPU
		Release|Any CPU = Release|Any CPU
	EndGlobalSection
	GlobalSection(ProjectConfigurationPlatforms) = postSolution
		{97D5CDB7-5407-42DD-81F8-B4342580A4F8}.Debug|Any CPU.ActiveCfg = Debug|Any CPU
		{97D5CDB7-5407-42DD-81F8-B4342580A4F8}.Debug|Any CPU.Build.0 = Debug|Any CPU
		{97D5CDB7-5407-42DD-81F8-B4342580A4F8}.Debug|Any CPU.Deploy.0 = Debug|Any CPU
		{97D5CDB7-5407-42DD-81F8-B4342580A4F8}.Release|Any CPU.ActiveCfg = Release|Any CPU
		{97D5CDB7-5407-42DD-81F8-B4342580A4F8}.Release|Any CPU.Build.0 = Release|Any CPU
		{97D5CDB7-5407-42DD-81F8-B4342580A4F8}.Release|Any CPU.Deploy.0 = Release|Any CPU
		{7BC24609-BE37-41A4-A984-BBE48089CA7B}.Debug|Any CPU.ActiveCfg = Debug|Any CPU
		{7BC24609-BE37-41A4-A984-BBE48089CA7B}.Debug|Any CPU.Build.0 = Debug|Any CPU
		{7BC24609-BE37-41A4-A984-BBE48089CA7B}.Release|Any CPU.ActiveCfg = Release|Any CPU
		{7BC24609-BE37-41A4-A984-BBE48089CA7B}.Release|Any CPU.Build.0 = Release|Any CPU
	EndGlobalSection
	GlobalSection(SolutionProperties) = preSolution
		HideSolutionNode = FALSE
	EndGlobalSection
	GlobalSection(NestedProjects) = preSolution
		{7BC24609-BE37-41A4-A984-BBE48089CA7B} = {256C03E0-D2B9-445A-B62B-64E567FAE4D4}
	EndGlobalSection
	GlobalSection(ExtensibilityGlobals) = postSolution
		SolutionGuid = {FF7E4155-46D8-4514-96EE-57153785F21B}
	EndGlobalSection
EndGlobal
