
Microsoft Visual Studio Solution File, Format Version 12.00
# Visual Studio Version 17
VisualStudioVersion = 17.0.31903.59
MinimumVisualStudioVersion = 10.0.40219.1
Project("{2150E333-8FDC-42A3-9474-1A3956D46DE8}") = "library", "library", "{7183ECEC-9F44-48CE-BB97-AA2445170D5E}"
EndProject
Project("{9A19103F-16F7-4668-BE54-9A1E7A4F7556}") = "TodoApp.WinUI3", "TodoApp.WinUI3\TodoApp.WinUI3.csproj", "{D783EDE7-D3A2-44D3-8C97-38AFFF9A4555}"
EndProject
Project("{9A19103F-16F7-4668-BE54-9A1E7A4F7556}") = "CommunityToolkit.Datasync.Client", "..\..\src\CommunityToolkit.Datasync.Client\CommunityToolkit.Datasync.Client.csproj", "{2AC73FBE-9E76-4702-B551-B5884383CC68}"
EndProject
Project("{9A19103F-16F7-4668-BE54-9A1E7A4F7556}") = "Sample.Datasync.Server", "..\datasync-server\src\Sample.Datasync.Server\Sample.Datasync.Server.csproj", "{E67734DD-B397-4A65-AA50-D62F37EF05DD}"
EndProject
Project("{9A19103F-16F7-4668-BE54-9A1E7A4F7556}") = "TodoApp.MAUI", "TodoApp.MAUI\TodoApp.MAUI.csproj", "{00430043-04C5-4F8F-87A9-98ECC0051808}"
EndProject
Project("{FAE04EC0-301F-11D3-BF4B-00C04F79EFBC}") = "TodoApp.WPF", "TodoApp.WPF\TodoApp.WPF.csproj", "{A0996FB8-890D-4E90-A881-01F9EF709711}"
EndProject
Project("{2150E333-8FDC-42A3-9474-1A3956D46DE8}") = "TodoApp.Avalonia", "TodoApp.Avalonia", "{9A8B7D7F-1AF1-4C1C-A74A-E422BB680C6E}"
EndProject
Project("{FAE04EC0-301F-11D3-BF4B-00C04F79EFBC}") = "TodoApp.Avalonia", "TodoApp.Avalonia\TodoApp.Avalonia\TodoApp.Avalonia.csproj", "{539C6E0F-8F23-4AE0-B8E6-7E72C53B890A}"
EndProject
Project("{FAE04EC0-301F-11D3-BF4B-00C04F79EFBC}") = "TodoApp.Avalonia.Android", "TodoApp.Avalonia\TodoApp.Avalonia.Android\TodoApp.Avalonia.Android.csproj", "{9C2BA2A4-4AD6-4B67-BB6B-29A9024C33C4}"
EndProject
Project("{FAE04EC0-301F-11D3-BF4B-00C04F79EFBC}") = "TodoApp.Avalonia.Desktop", "TodoApp.Avalonia\TodoApp.Avalonia.Desktop\TodoApp.Avalonia.Desktop.csproj", "{3D741850-6FAA-4F36-BD58-F6ECE0CE55D7}"
EndProject
Project("{FAE04EC0-301F-11D3-BF4B-00C04F79EFBC}") = "TodoApp.Avalonia.iOS", "TodoApp.Avalonia\TodoApp.Avalonia.iOS\TodoApp.Avalonia.iOS.csproj", "{DFCE2057-9F7B-4E1A-9C83-B524D9A82FF1}"
EndProject
Project("{FAE04EC0-301F-11D3-BF4B-00C04F79EFBC}") = "TodoApp.Avalonia.Browser", "TodoApp.Avalonia\TodoApp.Avalonia.Browser\TodoApp.Avalonia.Browser.csproj", "{E8BB1310-477D-44B0-B13E-77F09433D0A3}"
EndProject
Global
	GlobalSection(SolutionConfigurationPlatforms) = preSolution
		Debug|Any CPU = Debug|Any CPU
		Debug|ARM64 = Debug|ARM64
		Debug|x64 = Debug|x64
		Debug|x86 = Debug|x86
		Release|Any CPU = Release|Any CPU
		Release|ARM64 = Release|ARM64
		Release|x64 = Release|x64
		Release|x86 = Release|x86
	EndGlobalSection
	GlobalSection(ProjectConfigurationPlatforms) = postSolution
		{D783EDE7-D3A2-44D3-8C97-38AFFF9A4555}.Debug|Any CPU.ActiveCfg = Debug|x64
		{D783EDE7-D3A2-44D3-8C97-38AFFF9A4555}.Debug|Any CPU.Build.0 = Debug|x64
		{D783EDE7-D3A2-44D3-8C97-38AFFF9A4555}.Debug|Any CPU.Deploy.0 = Debug|x64
		{D783EDE7-D3A2-44D3-8C97-38AFFF9A4555}.Debug|ARM64.ActiveCfg = Debug|ARM64
		{D783EDE7-D3A2-44D3-8C97-38AFFF9A4555}.Debug|ARM64.Build.0 = Debug|ARM64
		{D783EDE7-D3A2-44D3-8C97-38AFFF9A4555}.Debug|ARM64.Deploy.0 = Debug|ARM64
		{D783EDE7-D3A2-44D3-8C97-38AFFF9A4555}.Debug|x64.ActiveCfg = Debug|x64
		{D783EDE7-D3A2-44D3-8C97-38AFFF9A4555}.Debug|x64.Build.0 = Debug|x64
		{D783EDE7-D3A2-44D3-8C97-38AFFF9A4555}.Debug|x64.Deploy.0 = Debug|x64
		{D783EDE7-D3A2-44D3-8C97-38AFFF9A4555}.Debug|x86.ActiveCfg = Debug|x86
		{D783EDE7-D3A2-44D3-8C97-38AFFF9A4555}.Debug|x86.Build.0 = Debug|x86
		{D783EDE7-D3A2-44D3-8C97-38AFFF9A4555}.Debug|x86.Deploy.0 = Debug|x86
		{D783EDE7-D3A2-44D3-8C97-38AFFF9A4555}.Release|Any CPU.ActiveCfg = Release|x64
		{D783EDE7-D3A2-44D3-8C97-38AFFF9A4555}.Release|Any CPU.Build.0 = Release|x64
		{D783EDE7-D3A2-44D3-8C97-38AFFF9A4555}.Release|Any CPU.Deploy.0 = Release|x64
		{D783EDE7-D3A2-44D3-8C97-38AFFF9A4555}.Release|ARM64.ActiveCfg = Release|ARM64
		{D783EDE7-D3A2-44D3-8C97-38AFFF9A4555}.Release|ARM64.Build.0 = Release|ARM64
		{D783EDE7-D3A2-44D3-8C97-38AFFF9A4555}.Release|ARM64.Deploy.0 = Release|ARM64
		{D783EDE7-D3A2-44D3-8C97-38AFFF9A4555}.Release|x64.ActiveCfg = Release|x64
		{D783EDE7-D3A2-44D3-8C97-38AFFF9A4555}.Release|x64.Build.0 = Release|x64
		{D783EDE7-D3A2-44D3-8C97-38AFFF9A4555}.Release|x64.Deploy.0 = Release|x64
		{D783EDE7-D3A2-44D3-8C97-38AFFF9A4555}.Release|x86.ActiveCfg = Release|x86
		{D783EDE7-D3A2-44D3-8C97-38AFFF9A4555}.Release|x86.Build.0 = Release|x86
		{D783EDE7-D3A2-44D3-8C97-38AFFF9A4555}.Release|x86.Deploy.0 = Release|x86
		{2AC73FBE-9E76-4702-B551-B5884383CC68}.Debug|Any CPU.ActiveCfg = Debug|Any CPU
		{2AC73FBE-9E76-4702-B551-B5884383CC68}.Debug|Any CPU.Build.0 = Debug|Any CPU
		{2AC73FBE-9E76-4702-B551-B5884383CC68}.Debug|ARM64.ActiveCfg = Debug|Any CPU
		{2AC73FBE-9E76-4702-B551-B5884383CC68}.Debug|ARM64.Build.0 = Debug|Any CPU
		{2AC73FBE-9E76-4702-B551-B5884383CC68}.Debug|x64.ActiveCfg = Debug|Any CPU
		{2AC73FBE-9E76-4702-B551-B5884383CC68}.Debug|x64.Build.0 = Debug|Any CPU
		{2AC73FBE-9E76-4702-B551-B5884383CC68}.Debug|x86.ActiveCfg = Debug|Any CPU
		{2AC73FBE-9E76-4702-B551-B5884383CC68}.Debug|x86.Build.0 = Debug|Any CPU
		{2AC73FBE-9E76-4702-B551-B5884383CC68}.Release|Any CPU.ActiveCfg = Release|Any CPU
		{2AC73FBE-9E76-4702-B551-B5884383CC68}.Release|Any CPU.Build.0 = Release|Any CPU
		{2AC73FBE-9E76-4702-B551-B5884383CC68}.Release|ARM64.ActiveCfg = Release|Any CPU
		{2AC73FBE-9E76-4702-B551-B5884383CC68}.Release|ARM64.Build.0 = Release|Any CPU
		{2AC73FBE-9E76-4702-B551-B5884383CC68}.Release|x64.ActiveCfg = Release|Any CPU
		{2AC73FBE-9E76-4702-B551-B5884383CC68}.Release|x64.Build.0 = Release|Any CPU
		{2AC73FBE-9E76-4702-B551-B5884383CC68}.Release|x86.ActiveCfg = Release|Any CPU
		{2AC73FBE-9E76-4702-B551-B5884383CC68}.Release|x86.Build.0 = Release|Any CPU
		{E67734DD-B397-4A65-AA50-D62F37EF05DD}.Debug|Any CPU.ActiveCfg = Debug|Any CPU
		{E67734DD-B397-4A65-AA50-D62F37EF05DD}.Debug|Any CPU.Build.0 = Debug|Any CPU
		{E67734DD-B397-4A65-AA50-D62F37EF05DD}.Debug|ARM64.ActiveCfg = Debug|Any CPU
		{E67734DD-B397-4A65-AA50-D62F37EF05DD}.Debug|ARM64.Build.0 = Debug|Any CPU
		{E67734DD-B397-4A65-AA50-D62F37EF05DD}.Debug|x64.ActiveCfg = Debug|Any CPU
		{E67734DD-B397-4A65-AA50-D62F37EF05DD}.Debug|x64.Build.0 = Debug|Any CPU
		{E67734DD-B397-4A65-AA50-D62F37EF05DD}.Debug|x86.ActiveCfg = Debug|Any CPU
		{E67734DD-B397-4A65-AA50-D62F37EF05DD}.Debug|x86.Build.0 = Debug|Any CPU
		{E67734DD-B397-4A65-AA50-D62F37EF05DD}.Release|Any CPU.ActiveCfg = Release|Any CPU
		{E67734DD-B397-4A65-AA50-D62F37EF05DD}.Release|Any CPU.Build.0 = Release|Any CPU
		{E67734DD-B397-4A65-AA50-D62F37EF05DD}.Release|ARM64.ActiveCfg = Release|Any CPU
		{E67734DD-B397-4A65-AA50-D62F37EF05DD}.Release|ARM64.Build.0 = Release|Any CPU
		{E67734DD-B397-4A65-AA50-D62F37EF05DD}.Release|x64.ActiveCfg = Release|Any CPU
		{E67734DD-B397-4A65-AA50-D62F37EF05DD}.Release|x64.Build.0 = Release|Any CPU
		{E67734DD-B397-4A65-AA50-D62F37EF05DD}.Release|x86.ActiveCfg = Release|Any CPU
		{E67734DD-B397-4A65-AA50-D62F37EF05DD}.Release|x86.Build.0 = Release|Any CPU
		{00430043-04C5-4F8F-87A9-98ECC0051808}.Debug|Any CPU.ActiveCfg = Debug|Any CPU
		{00430043-04C5-4F8F-87A9-98ECC0051808}.Debug|Any CPU.Build.0 = Debug|Any CPU
		{00430043-04C5-4F8F-87A9-98ECC0051808}.Debug|Any CPU.Deploy.0 = Debug|Any CPU
		{00430043-04C5-4F8F-87A9-98ECC0051808}.Debug|ARM64.ActiveCfg = Debug|Any CPU
		{00430043-04C5-4F8F-87A9-98ECC0051808}.Debug|ARM64.Build.0 = Debug|Any CPU
		{00430043-04C5-4F8F-87A9-98ECC0051808}.Debug|ARM64.Deploy.0 = Debug|Any CPU
		{00430043-04C5-4F8F-87A9-98ECC0051808}.Debug|x64.ActiveCfg = Debug|Any CPU
		{00430043-04C5-4F8F-87A9-98ECC0051808}.Debug|x64.Build.0 = Debug|Any CPU
		{00430043-04C5-4F8F-87A9-98ECC0051808}.Debug|x64.Deploy.0 = Debug|Any CPU
		{00430043-04C5-4F8F-87A9-98ECC0051808}.Debug|x86.ActiveCfg = Debug|Any CPU
		{00430043-04C5-4F8F-87A9-98ECC0051808}.Debug|x86.Build.0 = Debug|Any CPU
		{00430043-04C5-4F8F-87A9-98ECC0051808}.Debug|x86.Deploy.0 = Debug|Any CPU
		{00430043-04C5-4F8F-87A9-98ECC0051808}.Release|Any CPU.ActiveCfg = Release|Any CPU
		{00430043-04C5-4F8F-87A9-98ECC0051808}.Release|Any CPU.Build.0 = Release|Any CPU
		{00430043-04C5-4F8F-87A9-98ECC0051808}.Release|Any CPU.Deploy.0 = Release|Any CPU
		{00430043-04C5-4F8F-87A9-98ECC0051808}.Release|ARM64.ActiveCfg = Release|Any CPU
		{00430043-04C5-4F8F-87A9-98ECC0051808}.Release|ARM64.Build.0 = Release|Any CPU
		{00430043-04C5-4F8F-87A9-98ECC0051808}.Release|ARM64.Deploy.0 = Release|Any CPU
		{00430043-04C5-4F8F-87A9-98ECC0051808}.Release|x64.ActiveCfg = Release|Any CPU
		{00430043-04C5-4F8F-87A9-98ECC0051808}.Release|x64.Build.0 = Release|Any CPU
		{00430043-04C5-4F8F-87A9-98ECC0051808}.Release|x64.Deploy.0 = Release|Any CPU
		{00430043-04C5-4F8F-87A9-98ECC0051808}.Release|x86.ActiveCfg = Release|Any CPU
		{00430043-04C5-4F8F-87A9-98ECC0051808}.Release|x86.Build.0 = Release|Any CPU
		{00430043-04C5-4F8F-87A9-98ECC0051808}.Release|x86.Deploy.0 = Release|Any CPU
		{A0996FB8-890D-4E90-A881-01F9EF709711}.Debug|Any CPU.ActiveCfg = Debug|Any CPU
		{A0996FB8-890D-4E90-A881-01F9EF709711}.Debug|Any CPU.Build.0 = Debug|Any CPU
		{A0996FB8-890D-4E90-A881-01F9EF709711}.Debug|ARM64.ActiveCfg = Debug|Any CPU
		{A0996FB8-890D-4E90-A881-01F9EF709711}.Debug|ARM64.Build.0 = Debug|Any CPU
		{A0996FB8-890D-4E90-A881-01F9EF709711}.Debug|x64.ActiveCfg = Debug|Any CPU
		{A0996FB8-890D-4E90-A881-01F9EF709711}.Debug|x64.Build.0 = Debug|Any CPU
		{A0996FB8-890D-4E90-A881-01F9EF709711}.Debug|x86.ActiveCfg = Debug|Any CPU
		{A0996FB8-890D-4E90-A881-01F9EF709711}.Debug|x86.Build.0 = Debug|Any CPU
		{A0996FB8-890D-4E90-A881-01F9EF709711}.Release|Any CPU.ActiveCfg = Release|Any CPU
		{A0996FB8-890D-4E90-A881-01F9EF709711}.Release|Any CPU.Build.0 = Release|Any CPU
		{A0996FB8-890D-4E90-A881-01F9EF709711}.Release|ARM64.ActiveCfg = Release|Any CPU
		{A0996FB8-890D-4E90-A881-01F9EF709711}.Release|ARM64.Build.0 = Release|Any CPU
		{A0996FB8-890D-4E90-A881-01F9EF709711}.Release|x64.ActiveCfg = Release|Any CPU
		{A0996FB8-890D-4E90-A881-01F9EF709711}.Release|x64.Build.0 = Release|Any CPU
		{A0996FB8-890D-4E90-A881-01F9EF709711}.Release|x86.ActiveCfg = Release|Any CPU
		{A0996FB8-890D-4E90-A881-01F9EF709711}.Release|x86.Build.0 = Release|Any CPU
		{539C6E0F-8F23-4AE0-B8E6-7E72C53B890A}.Debug|Any CPU.ActiveCfg = Debug|Any CPU
		{539C6E0F-8F23-4AE0-B8E6-7E72C53B890A}.Debug|Any CPU.Build.0 = Debug|Any CPU
		{539C6E0F-8F23-4AE0-B8E6-7E72C53B890A}.Debug|ARM64.ActiveCfg = Debug|Any CPU
		{539C6E0F-8F23-4AE0-B8E6-7E72C53B890A}.Debug|ARM64.Build.0 = Debug|Any CPU
		{539C6E0F-8F23-4AE0-B8E6-7E72C53B890A}.Debug|x64.ActiveCfg = Debug|Any CPU
		{539C6E0F-8F23-4AE0-B8E6-7E72C53B890A}.Debug|x64.Build.0 = Debug|Any CPU
		{539C6E0F-8F23-4AE0-B8E6-7E72C53B890A}.Debug|x86.ActiveCfg = Debug|Any CPU
		{539C6E0F-8F23-4AE0-B8E6-7E72C53B890A}.Debug|x86.Build.0 = Debug|Any CPU
		{539C6E0F-8F23-4AE0-B8E6-7E72C53B890A}.Release|Any CPU.ActiveCfg = Release|Any CPU
		{539C6E0F-8F23-4AE0-B8E6-7E72C53B890A}.Release|Any CPU.Build.0 = Release|Any CPU
		{539C6E0F-8F23-4AE0-B8E6-7E72C53B890A}.Release|ARM64.ActiveCfg = Release|Any CPU
		{539C6E0F-8F23-4AE0-B8E6-7E72C53B890A}.Release|ARM64.Build.0 = Release|Any CPU
		{539C6E0F-8F23-4AE0-B8E6-7E72C53B890A}.Release|x64.ActiveCfg = Release|Any CPU
		{539C6E0F-8F23-4AE0-B8E6-7E72C53B890A}.Release|x64.Build.0 = Release|Any CPU
		{539C6E0F-8F23-4AE0-B8E6-7E72C53B890A}.Release|x86.ActiveCfg = Release|Any CPU
		{539C6E0F-8F23-4AE0-B8E6-7E72C53B890A}.Release|x86.Build.0 = Release|Any CPU
		{9C2BA2A4-4AD6-4B67-BB6B-29A9024C33C4}.Debug|Any CPU.ActiveCfg = Debug|Any CPU
		{9C2BA2A4-4AD6-4B67-BB6B-29A9024C33C4}.Debug|Any CPU.Build.0 = Debug|Any CPU
		{9C2BA2A4-4AD6-4B67-BB6B-29A9024C33C4}.Debug|ARM64.ActiveCfg = Debug|Any CPU
		{9C2BA2A4-4AD6-4B67-BB6B-29A9024C33C4}.Debug|ARM64.Build.0 = Debug|Any CPU
		{9C2BA2A4-4AD6-4B67-BB6B-29A9024C33C4}.Debug|x64.ActiveCfg = Debug|Any CPU
		{9C2BA2A4-4AD6-4B67-BB6B-29A9024C33C4}.Debug|x64.Build.0 = Debug|Any CPU
		{9C2BA2A4-4AD6-4B67-BB6B-29A9024C33C4}.Debug|x86.ActiveCfg = Debug|Any CPU
		{9C2BA2A4-4AD6-4B67-BB6B-29A9024C33C4}.Debug|x86.Build.0 = Debug|Any CPU
		{9C2BA2A4-4AD6-4B67-BB6B-29A9024C33C4}.Release|Any CPU.ActiveCfg = Release|Any CPU
		{9C2BA2A4-4AD6-4B67-BB6B-29A9024C33C4}.Release|Any CPU.Build.0 = Release|Any CPU
		{9C2BA2A4-4AD6-4B67-BB6B-29A9024C33C4}.Release|ARM64.ActiveCfg = Release|Any CPU
		{9C2BA2A4-4AD6-4B67-BB6B-29A9024C33C4}.Release|ARM64.Build.0 = Release|Any CPU
		{9C2BA2A4-4AD6-4B67-BB6B-29A9024C33C4}.Release|x64.ActiveCfg = Release|Any CPU
		{9C2BA2A4-4AD6-4B67-BB6B-29A9024C33C4}.Release|x64.Build.0 = Release|Any CPU
		{9C2BA2A4-4AD6-4B67-BB6B-29A9024C33C4}.Release|x86.ActiveCfg = Release|Any CPU
		{9C2BA2A4-4AD6-4B67-BB6B-29A9024C33C4}.Release|x86.Build.0 = Release|Any CPU
		{3D741850-6FAA-4F36-BD58-F6ECE0CE55D7}.Debug|Any CPU.ActiveCfg = Debug|Any CPU
		{3D741850-6FAA-4F36-BD58-F6ECE0CE55D7}.Debug|Any CPU.Build.0 = Debug|Any CPU
		{3D741850-6FAA-4F36-BD58-F6ECE0CE55D7}.Debug|ARM64.ActiveCfg = Debug|Any CPU
		{3D741850-6FAA-4F36-BD58-F6ECE0CE55D7}.Debug|ARM64.Build.0 = Debug|Any CPU
		{3D741850-6FAA-4F36-BD58-F6ECE0CE55D7}.Debug|x64.ActiveCfg = Debug|Any CPU
		{3D741850-6FAA-4F36-BD58-F6ECE0CE55D7}.Debug|x64.Build.0 = Debug|Any CPU
		{3D741850-6FAA-4F36-BD58-F6ECE0CE55D7}.Debug|x86.ActiveCfg = Debug|Any CPU
		{3D741850-6FAA-4F36-BD58-F6ECE0CE55D7}.Debug|x86.Build.0 = Debug|Any CPU
		{3D741850-6FAA-4F36-BD58-F6ECE0CE55D7}.Release|Any CPU.ActiveCfg = Release|Any CPU
		{3D741850-6FAA-4F36-BD58-F6ECE0CE55D7}.Release|Any CPU.Build.0 = Release|Any CPU
		{3D741850-6FAA-4F36-BD58-F6ECE0CE55D7}.Release|ARM64.ActiveCfg = Release|Any CPU
		{3D741850-6FAA-4F36-BD58-F6ECE0CE55D7}.Release|ARM64.Build.0 = Release|Any CPU
		{3D741850-6FAA-4F36-BD58-F6ECE0CE55D7}.Release|x64.ActiveCfg = Release|Any CPU
		{3D741850-6FAA-4F36-BD58-F6ECE0CE55D7}.Release|x64.Build.0 = Release|Any CPU
		{3D741850-6FAA-4F36-BD58-F6ECE0CE55D7}.Release|x86.ActiveCfg = Release|Any CPU
		{3D741850-6FAA-4F36-BD58-F6ECE0CE55D7}.Release|x86.Build.0 = Release|Any CPU
		{DFCE2057-9F7B-4E1A-9C83-B524D9A82FF1}.Debug|Any CPU.ActiveCfg = Debug|Any CPU
		{DFCE2057-9F7B-4E1A-9C83-B524D9A82FF1}.Debug|Any CPU.Build.0 = Debug|Any CPU
		{DFCE2057-9F7B-4E1A-9C83-B524D9A82FF1}.Debug|ARM64.ActiveCfg = Debug|Any CPU
		{DFCE2057-9F7B-4E1A-9C83-B524D9A82FF1}.Debug|ARM64.Build.0 = Debug|Any CPU
		{DFCE2057-9F7B-4E1A-9C83-B524D9A82FF1}.Debug|x64.ActiveCfg = Debug|Any CPU
		{DFCE2057-9F7B-4E1A-9C83-B524D9A82FF1}.Debug|x64.Build.0 = Debug|Any CPU
		{DFCE2057-9F7B-4E1A-9C83-B524D9A82FF1}.Debug|x86.ActiveCfg = Debug|Any CPU
		{DFCE2057-9F7B-4E1A-9C83-B524D9A82FF1}.Debug|x86.Build.0 = Debug|Any CPU
		{DFCE2057-9F7B-4E1A-9C83-B524D9A82FF1}.Release|Any CPU.ActiveCfg = Release|Any CPU
		{DFCE2057-9F7B-4E1A-9C83-B524D9A82FF1}.Release|Any CPU.Build.0 = Release|Any CPU
		{DFCE2057-9F7B-4E1A-9C83-B524D9A82FF1}.Release|ARM64.ActiveCfg = Release|Any CPU
		{DFCE2057-9F7B-4E1A-9C83-B524D9A82FF1}.Release|ARM64.Build.0 = Release|Any CPU
		{DFCE2057-9F7B-4E1A-9C83-B524D9A82FF1}.Release|x64.ActiveCfg = Release|Any CPU
		{DFCE2057-9F7B-4E1A-9C83-B524D9A82FF1}.Release|x64.Build.0 = Release|Any CPU
		{DFCE2057-9F7B-4E1A-9C83-B524D9A82FF1}.Release|x86.ActiveCfg = Release|Any CPU
		{DFCE2057-9F7B-4E1A-9C83-B524D9A82FF1}.Release|x86.Build.0 = Release|Any CPU
		{E8BB1310-477D-44B0-B13E-77F09433D0A3}.Debug|Any CPU.ActiveCfg = Debug|Any CPU
		{E8BB1310-477D-44B0-B13E-77F09433D0A3}.Debug|Any CPU.Build.0 = Debug|Any CPU
		{E8BB1310-477D-44B0-B13E-77F09433D0A3}.Debug|ARM64.ActiveCfg = Debug|Any CPU
		{E8BB1310-477D-44B0-B13E-77F09433D0A3}.Debug|ARM64.Build.0 = Debug|Any CPU
		{E8BB1310-477D-44B0-B13E-77F09433D0A3}.Debug|x64.ActiveCfg = Debug|Any CPU
		{E8BB1310-477D-44B0-B13E-77F09433D0A3}.Debug|x64.Build.0 = Debug|Any CPU
		{E8BB1310-477D-44B0-B13E-77F09433D0A3}.Debug|x86.ActiveCfg = Debug|Any CPU
		{E8BB1310-477D-44B0-B13E-77F09433D0A3}.Debug|x86.Build.0 = Debug|Any CPU
		{E8BB1310-477D-44B0-B13E-77F09433D0A3}.Release|Any CPU.ActiveCfg = Release|Any CPU
		{E8BB1310-477D-44B0-B13E-77F09433D0A3}.Release|Any CPU.Build.0 = Release|Any CPU
		{E8BB1310-477D-44B0-B13E-77F09433D0A3}.Release|ARM64.ActiveCfg = Release|Any CPU
		{E8BB1310-477D-44B0-B13E-77F09433D0A3}.Release|ARM64.Build.0 = Release|Any CPU
		{E8BB1310-477D-44B0-B13E-77F09433D0A3}.Release|x64.ActiveCfg = Release|Any CPU
		{E8BB1310-477D-44B0-B13E-77F09433D0A3}.Release|x64.Build.0 = Release|Any CPU
		{E8BB1310-477D-44B0-B13E-77F09433D0A3}.Release|x86.ActiveCfg = Release|Any CPU
		{E8BB1310-477D-44B0-B13E-77F09433D0A3}.Release|x86.Build.0 = Release|Any CPU
	EndGlobalSection
	GlobalSection(SolutionProperties) = preSolution
		HideSolutionNode = FALSE
	EndGlobalSection
	GlobalSection(NestedProjects) = preSolution
		{2AC73FBE-9E76-4702-B551-B5884383CC68} = {7183ECEC-9F44-48CE-BB97-AA2445170D5E}
		{539C6E0F-8F23-4AE0-B8E6-7E72C53B890A} = {9A8B7D7F-1AF1-4C1C-A74A-E422BB680C6E}
		{9C2BA2A4-4AD6-4B67-BB6B-29A9024C33C4} = {9A8B7D7F-1AF1-4C1C-A74A-E422BB680C6E}
		{3D741850-6FAA-4F36-BD58-F6ECE0CE55D7} = {9A8B7D7F-1AF1-4C1C-A74A-E422BB680C6E}
		{DFCE2057-9F7B-4E1A-9C83-B524D9A82FF1} = {9A8B7D7F-1AF1-4C1C-A74A-E422BB680C6E}
		{E8BB1310-477D-44B0-B13E-77F09433D0A3} = {9A8B7D7F-1AF1-4C1C-A74A-E422BB680C6E}
	EndGlobalSection
	GlobalSection(ExtensibilityGlobals) = postSolution
		SolutionGuid = {91B9DE2A-8B79-4DC4-8235-216CD07F1CB2}
	EndGlobalSection
EndGlobal
