
Microsoft Visual Studio Solution File, Format Version 12.00
# Visual Studio Version 17
VisualStudioVersion = 17.0.31903.59
MinimumVisualStudioVersion = 10.0.40219.1
Project("{2150E333-8FDC-42A3-9474-1A3956D46DE8}") = "src", "src", "{4B8E4DD5-C2CA-4729-A10B-8A3C993018EC}"
EndProject
Project("{9A19103F-16F7-4668-BE54-9A1E7A4F7556}") = "Sample.Datasync.Server", "src\Sample.Datasync.Server\Sample.Datasync.Server.csproj", "{67A76156-0033-4085-86BE-558DC28688A6}"
EndProject
Project("{2150E333-8FDC-42A3-9474-1A3956D46DE8}") = "library", "library", "{95358590-6440-469A-8A6A-6ACC47F52966}"
EndProject
Project("{9A19103F-16F7-4668-BE54-9A1E7A4F7556}") = "CommunityToolkit.Datasync.Server.Abstractions", "..\..\src\CommunityToolkit.Datasync.Server.Abstractions\CommunityToolkit.Datasync.Server.Abstractions.csproj", "{54E9A0B2-A0B0-4CB1-8FAD-11DB9E4535A6}"
EndProject
Project("{9A19103F-16F7-4668-BE54-9A1E7A4F7556}") = "CommunityToolkit.Datasync.Server", "..\..\src\CommunityToolkit.Datasync.Server\CommunityToolkit.Datasync.Server.csproj", "{DEC37ED1-B52A-4287-8F63-8210328AFF70}"
EndProject
Project("{9A19103F-16F7-4668-BE54-9A1E7A4F7556}") = "CommunityToolkit.Datasync.Server.EntityFrameworkCore", "..\..\src\CommunityToolkit.Datasync.Server.EntityFrameworkCore\CommunityToolkit.Datasync.Server.EntityFrameworkCore.csproj", "{2086DD5C-C7C1-4957-B667-847C5FEE832C}"
EndProject
Global
	GlobalSection(SolutionConfigurationPlatforms) = preSolution
		Debug|Any CPU = Debug|Any CPU
		Release|Any CPU = Release|Any CPU
	EndGlobalSection
	GlobalSection(ProjectConfigurationPlatforms) = postSolution
		{67A76156-0033-4085-86BE-558DC28688A6}.Debug|Any CPU.ActiveCfg = Debug|Any CPU
		{67A76156-0033-4085-86BE-558DC28688A6}.Debug|Any CPU.Build.0 = Debug|Any CPU
		{67A76156-0033-4085-86BE-558DC28688A6}.Release|Any CPU.ActiveCfg = Release|Any CPU
		{67A76156-0033-4085-86BE-558DC28688A6}.Release|Any CPU.Build.0 = Release|Any CPU
		{54E9A0B2-A0B0-4CB1-8FAD-11DB9E4535A6}.Debug|Any CPU.ActiveCfg = Debug|Any CPU
		{54E9A0B2-A0B0-4CB1-8FAD-11DB9E4535A6}.Debug|Any CPU.Build.0 = Debug|Any CPU
		{54E9A0B2-A0B0-4CB1-8FAD-11DB9E4535A6}.Release|Any CPU.ActiveCfg = Release|Any CPU
		{54E9A0B2-A0B0-4CB1-8FAD-11DB9E4535A6}.Release|Any CPU.Build.0 = Release|Any CPU
		{DEC37ED1-B52A-4287-8F63-8210328AFF70}.Debug|Any CPU.ActiveCfg = Debug|Any CPU
		{DEC37ED1-B52A-4287-8F63-8210328AFF70}.Debug|Any CPU.Build.0 = Debug|Any CPU
		{DEC37ED1-B52A-4287-8F63-8210328AFF70}.Release|Any CPU.ActiveCfg = Release|Any CPU
		{DEC37ED1-B52A-4287-8F63-8210328AFF70}.Release|Any CPU.Build.0 = Release|Any CPU
		{2086DD5C-C7C1-4957-B667-847C5FEE832C}.Debug|Any CPU.ActiveCfg = Debug|Any CPU
		{2086DD5C-C7C1-4957-B667-847C5FEE832C}.Debug|Any CPU.Build.0 = Debug|Any CPU
		{2086DD5C-C7C1-4957-B667-847C5FEE832C}.Release|Any CPU.ActiveCfg = Release|Any CPU
		{2086DD5C-C7C1-4957-B667-847C5FEE832C}.Release|Any CPU.Build.0 = Release|Any CPU
	EndGlobalSection
	GlobalSection(SolutionProperties) = preSolution
		HideSolutionNode = FALSE
	EndGlobalSection
	GlobalSection(NestedProjects) = preSolution
		{67A76156-0033-4085-86BE-558DC28688A6} = {4B8E4DD5-C2CA-4729-A10B-8A3C993018EC}
		{54E9A0B2-A0B0-4CB1-8FAD-11DB9E4535A6} = {95358590-6440-469A-8A6A-6ACC47F52966}
		{DEC37ED1-B52A-4287-8F63-8210328AFF70} = {95358590-6440-469A-8A6A-6ACC47F52966}
		{2086DD5C-C7C1-4957-B667-847C5FEE832C} = {95358590-6440-469A-8A6A-6ACC47F52966}
	EndGlobalSection
EndGlobal
